
Microsoft Visual Studio Solution File, Format Version 12.00
Project("{FAE04EC0-301F-11D3-BF4B-00C04F79EFBC}") = "ps-study", "ps-study.csproj", "{97EED6A5-8149-4AF8-8A52-5EB5C1CCC8AB}"
EndProject
Global
	GlobalSection(SolutionConfigurationPlatforms) = preSolution
		Debug|Any CPU = Debug|Any CPU
		Release|Any CPU = Release|Any CPU
	EndGlobalSection
	GlobalSection(ProjectConfigurationPlatforms) = postSolution
		{97EED6A5-8149-4AF8-8A52-5EB5C1CCC8AB}.Debug|Any CPU.ActiveCfg = Debug|Any CPU
		{97EED6A5-8149-4AF8-8A52-5EB5C1CCC8AB}.Debug|Any CPU.Build.0 = Debug|Any CPU
		{97EED6A5-8149-4AF8-8A52-5EB5C1CCC8AB}.Release|Any CPU.ActiveCfg = Release|Any CPU
		{97EED6A5-8149-4AF8-8A52-5EB5C1CCC8AB}.Release|Any CPU.Build.0 = Release|Any CPU
	EndGlobalSection
EndGlobal
